{
  "originHash" : "5bcdcf399a8c30134d761f2efcac8be1b644630a6421124405fdf897e267c424",
  "pins" : [
    {
      "identity" : "alamofire",
      "kind" : "remoteSourceControl",
      "location" : "https://github.com/Alamofire/Alamofire",
      "state" : {
        "revision" : "f455c2975872ccd2d9c81594c658af65716e9b9a",
        "version" : "5.9.1"
      }
    },
    {
      "identity" : "swift-cmark",
      "kind" : "remoteSourceControl",
      "location" : "https://github.com/swiftlang/swift-cmark.git",
      "state" : {
        "branch" : "gfm",
        "revision" : "fc07ab5da47975c5ef5f336acadfc02e8f706d30"
      }
    }
  ],
  "version" : 3
}
